// !$*UTF8*$!
{
	archiveVersion = 1;
	classes = {
	};
	objectVersion = 50;
	objects = {

/* Begin PBXBuildFile section */
		C502CCF5248009620081ECE2 /* charleyrivers.jpg in Resources */ = {isa = PBXBuildFile; fileRef = C502CCF4248009620081ECE2 /* charleyrivers.jpg */; };
		C502CCF724800D700081ECE2 /* UserData.swift in Sources */ = {isa = PBXBuildFile; fileRef = C502CCF624800D700081ECE2 /* UserData.swift */; };
		C5105A19247F0ACD004AAE68 /* CircleImage.swift in Sources */ = {isa = PBXBuildFile; fileRef = C5105A18247F0ACD004AAE68 /* CircleImage.swift */; };
		C5105A1B247F126F004AAE68 /* MapView.swift in Sources */ = {isa = PBXBuildFile; fileRef = C5105A1A247F126F004AAE68 /* MapView.swift */; };
		C57964E4247F3D1400D877C5 /* Landmark.swift in Sources */ = {isa = PBXBuildFile; fileRef = C57964E3247F3D1400D877C5 /* Landmark.swift */; };
		C57964E6247F3D4E00D877C5 /* Data.swift in Sources */ = {isa = PBXBuildFile; fileRef = C57964E5247F3D4E00D877C5 /* Data.swift */; };
		C57964F4247F3DA900D877C5 /* hiddenlake.jpg in Resources */ = {isa = PBXBuildFile; fileRef = C57964E7247F3DA800D877C5 /* hiddenlake.jpg */; };
		C57964F5247F3DA900D877C5 /* icybay.jpg in Resources */ = {isa = PBXBuildFile; fileRef = C57964E8247F3DA800D877C5 /* icybay.jpg */; };
		C57964F6247F3DA900D877C5 /* umbagog.jpg in Resources */ = {isa = PBXBuildFile; fileRef = C57964E9247F3DA800D877C5 /* umbagog.jpg */; };
		C57964F7247F3DA900D877C5 /* chilkoottrail.jpg in Resources */ = {isa = PBXBuildFile; fileRef = C57964EA247F3DA900D877C5 /* chilkoottrail.jpg */; };
		C57964F8247F3DA900D877C5 /* lakemcdonald.jpg in Resources */ = {isa = PBXBuildFile; fileRef = C57964EB247F3DA900D877C5 /* lakemcdonald.jpg */; };
		C57964F9247F3DA900D877C5 /* turtlerock.jpg in Resources */ = {isa = PBXBuildFile; fileRef = C57964EC247F3DA900D877C5 /* turtlerock.jpg */; };
		C57964FA247F3DA900D877C5 /* twinlake.jpg in Resources */ = {isa = PBXBuildFile; fileRef = C57964ED247F3DA900D877C5 /* twinlake.jpg */; };
		C57964FB247F3DA900D877C5 /* rainbowlake.jpg in Resources */ = {isa = PBXBuildFile; fileRef = C57964EE247F3DA900D877C5 /* rainbowlake.jpg */; };
		C57964FC247F3DA900D877C5 /* stmarylake.jpg in Resources */ = {isa = PBXBuildFile; fileRef = C57964EF247F3DA900D877C5 /* stmarylake.jpg */; };
		C57964FD247F3DA900D877C5 /* landmarkData.json in Resources */ = {isa = PBXBuildFile; fileRef = C57964F0247F3DA900D877C5 /* landmarkData.json */; };
		C57964FE247F3DA900D877C5 /* chincoteague.jpg in Resources */ = {isa = PBXBuildFile; fileRef = C57964F1247F3DA900D877C5 /* chincoteague.jpg */; };
		C57964FF247F3DA900D877C5 /* silversalmoncreek.jpg in Resources */ = {isa = PBXBuildFile; fileRef = C57964F2247F3DA900D877C5 /* silversalmoncreek.jpg */; };
		C5796500247F3DA900D877C5 /* yukon_charleyrivers.jpg in Resources */ = {isa = PBXBuildFile; fileRef = C57964F3247F3DA900D877C5 /* yukon_charleyrivers.jpg */; };
		C5796504247F3E4A00D877C5 /* LandmarkDetail.swift in Sources */ = {isa = PBXBuildFile; fileRef = C5796503247F3E4A00D877C5 /* LandmarkDetail.swift */; };
		C5796506247F3E9D00D877C5 /* LandmarkRow.swift in Sources */ = {isa = PBXBuildFile; fileRef = C5796505247F3E9D00D877C5 /* LandmarkRow.swift */; };
		C59175F9247FF73500C6C13F /* LandmarkList.swift in Sources */ = {isa = PBXBuildFile; fileRef = C59175F8247FF73500C6C13F /* LandmarkList.swift */; };
		C5E1C15E247EFBD100F65286 /* AppDelegate.swift in Sources */ = {isa = PBXBuildFile; fileRef = C5E1C15D247EFBD100F65286 /* AppDelegate.swift */; };
		C5E1C160247EFBD100F65286 /* SceneDelegate.swift in Sources */ = {isa = PBXBuildFile; fileRef = C5E1C15F247EFBD100F65286 /* SceneDelegate.swift */; };
		C5E1C164247EFBD400F65286 /* Assets.xcassets in Resources */ = {isa = PBXBuildFile; fileRef = C5E1C163247EFBD400F65286 /* Assets.xcassets */; };
		C5E1C167247EFBD400F65286 /* Preview Assets.xcassets in Resources */ = {isa = PBXBuildFile; fileRef = C5E1C166247EFBD400F65286 /* Preview Assets.xcassets */; };
		C5E1C16A247EFBD400F65286 /* LaunchScreen.storyboard in Resources */ = {isa = PBXBuildFile; fileRef = C5E1C168247EFBD400F65286 /* LaunchScreen.storyboard */; };
/* End PBXBuildFile section */

/* Begin PBXFileReference section */
		C502CCF4248009620081ECE2 /* charleyrivers.jpg */ = {isa = PBXFileReference; lastKnownFileType = image.jpeg; path = charleyrivers.jpg; sourceTree = "<group>"; };
		C502CCF624800D700081ECE2 /* UserData.swift */ = {isa = PBXFileReference; lastKnownFileType = sourcecode.swift; path = UserData.swift; sourceTree = "<group>"; };
		C5105A18247F0ACD004AAE68 /* CircleImage.swift */ = {isa = PBXFileReference; lastKnownFileType = sourcecode.swift; path = CircleImage.swift; sourceTree = "<group>"; };
		C5105A1A247F126F004AAE68 /* MapView.swift */ = {isa = PBXFileReference; lastKnownFileType = sourcecode.swift; path = MapView.swift; sourceTree = "<group>"; };
		C57964E3247F3D1400D877C5 /* Landmark.swift */ = {isa = PBXFileReference; fileEncoding = 4; lastKnownFileType = sourcecode.swift; path = Landmark.swift; sourceTree = "<group>"; };
		C57964E5247F3D4E00D877C5 /* Data.swift */ = {isa = PBXFileReference; fileEncoding = 4; lastKnownFileType = sourcecode.swift; path = Data.swift; sourceTree = "<group>"; };
		C57964E7247F3DA800D877C5 /* hiddenlake.jpg */ = {isa = PBXFileReference; lastKnownFileType = image.jpeg; path = hiddenlake.jpg; sourceTree = "<group>"; };
		C57964E8247F3DA800D877C5 /* icybay.jpg */ = {isa = PBXFileReference; lastKnownFileType = image.jpeg; path = icybay.jpg; sourceTree = "<group>"; };
		C57964E9247F3DA800D877C5 /* umbagog.jpg */ = {isa = PBXFileReference; lastKnownFileType = image.jpeg; path = umbagog.jpg; sourceTree = "<group>"; };
		C57964EA247F3DA900D877C5 /* chilkoottrail.jpg */ = {isa = PBXFileReference; lastKnownFileType = image.jpeg; path = chilkoottrail.jpg; sourceTree = "<group>"; };
		C57964EB247F3DA900D877C5 /* lakemcdonald.jpg */ = {isa = PBXFileReference; lastKnownFileType = image.jpeg; path = lakemcdonald.jpg; sourceTree = "<group>"; };
		C57964EC247F3DA900D877C5 /* turtlerock.jpg */ = {isa = PBXFileReference; lastKnownFileType = image.jpeg; path = turtlerock.jpg; sourceTree = "<group>"; };
		C57964ED247F3DA900D877C5 /* twinlake.jpg */ = {isa = PBXFileReference; lastKnownFileType = image.jpeg; path = twinlake.jpg; sourceTree = "<group>"; };
		C57964EE247F3DA900D877C5 /* rainbowlake.jpg */ = {isa = PBXFileReference; lastKnownFileType = image.jpeg; path = rainbowlake.jpg; sourceTree = "<group>"; };
		C57964EF247F3DA900D877C5 /* stmarylake.jpg */ = {isa = PBXFileReference; lastKnownFileType = image.jpeg; path = stmarylake.jpg; sourceTree = "<group>"; };
		C57964F0247F3DA900D877C5 /* landmarkData.json */ = {isa = PBXFileReference; fileEncoding = 4; lastKnownFileType = text.json; path = landmarkData.json; sourceTree = "<group>"; };
		C57964F1247F3DA900D877C5 /* chincoteague.jpg */ = {isa = PBXFileReference; lastKnownFileType = image.jpeg; path = chincoteague.jpg; sourceTree = "<group>"; };
		C57964F2247F3DA900D877C5 /* silversalmoncreek.jpg */ = {isa = PBXFileReference; lastKnownFileType = image.jpeg; path = silversalmoncreek.jpg; sourceTree = "<group>"; };
		C57964F3247F3DA900D877C5 /* yukon_charleyrivers.jpg */ = {isa = PBXFileReference; lastKnownFileType = image.jpeg; path = yukon_charleyrivers.jpg; sourceTree = "<group>"; };
		C5796503247F3E4A00D877C5 /* LandmarkDetail.swift */ = {isa = PBXFileReference; lastKnownFileType = sourcecode.swift; name = LandmarkDetail.swift; path = Landmarks/LandmarkDetail.swift; sourceTree = SOURCE_ROOT; };
		C5796505247F3E9D00D877C5 /* LandmarkRow.swift */ = {isa = PBXFileReference; lastKnownFileType = sourcecode.swift; path = LandmarkRow.swift; sourceTree = "<group>"; };
		C59175F8247FF73500C6C13F /* LandmarkList.swift */ = {isa = PBXFileReference; lastKnownFileType = sourcecode.swift; path = LandmarkList.swift; sourceTree = "<group>"; };
		C5E1C15A247EFBD100F65286 /* Landmarks.app */ = {isa = PBXFileReference; explicitFileType = wrapper.application; includeInIndex = 0; path = Landmarks.app; sourceTree = BUILT_PRODUCTS_DIR; };
		C5E1C15D247EFBD100F65286 /* AppDelegate.swift */ = {isa = PBXFileReference; lastKnownFileType = sourcecode.swift; path = AppDelegate.swift; sourceTree = "<group>"; };
		C5E1C15F247EFBD100F65286 /* SceneDelegate.swift */ = {isa = PBXFileReference; lastKnownFileType = sourcecode.swift; path = SceneDelegate.swift; sourceTree = "<group>"; };
		C5E1C163247EFBD400F65286 /* Assets.xcassets */ = {isa = PBXFileReference; lastKnownFileType = folder.assetcatalog; path = Assets.xcassets; sourceTree = "<group>"; };
		C5E1C166247EFBD400F65286 /* Preview Assets.xcassets */ = {isa = PBXFileReference; lastKnownFileType = folder.assetcatalog; path = "Preview Assets.xcassets"; sourceTree = "<group>"; };
		C5E1C169247EFBD400F65286 /* Base */ = {isa = PBXFileReference; lastKnownFileType = file.storyboard; name = Base; path = Base.lproj/LaunchScreen.storyboard; sourceTree = "<group>"; };
		C5E1C16B247EFBD400F65286 /* Info.plist */ = {isa = PBXFileReference; lastKnownFileType = text.plist.xml; path = Info.plist; sourceTree = "<group>"; };
/* End PBXFileReference section */

/* Begin PBXFrameworksBuildPhase section */
		C5E1C157247EFBD100F65286 /* Frameworks */ = {
			isa = PBXFrameworksBuildPhase;
			buildActionMask = 2147483647;
			files = (
			);
			runOnlyForDeploymentPostprocessing = 0;
		};
/* End PBXFrameworksBuildPhase section */

/* Begin PBXGroup section */
		C5796501247F3DB400D877C5 /* Resources */ = {
			isa = PBXGroup;
			children = (
				C502CCF4248009620081ECE2 /* charleyrivers.jpg */,
				C57964EA247F3DA900D877C5 /* chilkoottrail.jpg */,
				C57964F1247F3DA900D877C5 /* chincoteague.jpg */,
				C57964E7247F3DA800D877C5 /* hiddenlake.jpg */,
				C57964E8247F3DA800D877C5 /* icybay.jpg */,
				C57964EB247F3DA900D877C5 /* lakemcdonald.jpg */,
				C57964F0247F3DA900D877C5 /* landmarkData.json */,
				C57964EE247F3DA900D877C5 /* rainbowlake.jpg */,
				C57964F2247F3DA900D877C5 /* silversalmoncreek.jpg */,
				C57964EF247F3DA900D877C5 /* stmarylake.jpg */,
				C57964EC247F3DA900D877C5 /* turtlerock.jpg */,
				C57964ED247F3DA900D877C5 /* twinlake.jpg */,
				C57964E9247F3DA800D877C5 /* umbagog.jpg */,
				C57964F3247F3DA900D877C5 /* yukon_charleyrivers.jpg */,
			);
			path = Resources;
			sourceTree = "<group>";
		};
		C5796502247F3DC300D877C5 /* Models */ = {
			isa = PBXGroup;
			children = (
				C57964E3247F3D1400D877C5 /* Landmark.swift */,
				C57964E5247F3D4E00D877C5 /* Data.swift */,
			);
			path = Models;
			sourceTree = "<group>";
		};
		C5E1C151247EFBD100F65286 = {
			isa = PBXGroup;
			children = (
				C5E1C15C247EFBD100F65286 /* Landmarks */,
				C5E1C15B247EFBD100F65286 /* Products */,
			);
			sourceTree = "<group>";
		};
		C5E1C15B247EFBD100F65286 /* Products */ = {
			isa = PBXGroup;
			children = (
				C5E1C15A247EFBD100F65286 /* Landmarks.app */,
			);
			name = Products;
			sourceTree = "<group>";
		};
		C5E1C15C247EFBD100F65286 /* Landmarks */ = {
			isa = PBXGroup;
			children = (
				C5796502247F3DC300D877C5 /* Models */,
				C5E1C165247EFBD400F65286 /* Preview Content */,
				C5796501247F3DB400D877C5 /* Resources */,
				C5E1C15D247EFBD100F65286 /* AppDelegate.swift */,
				C5E1C163247EFBD400F65286 /* Assets.xcassets */,
				C5105A18247F0ACD004AAE68 /* CircleImage.swift */,
				C5E1C16B247EFBD400F65286 /* Info.plist */,
				C5796503247F3E4A00D877C5 /* LandmarkDetail.swift */,
				C59175F8247FF73500C6C13F /* LandmarkList.swift */,
				C502CCF624800D700081ECE2 /* UserData.swift */,
				C5796505247F3E9D00D877C5 /* LandmarkRow.swift */,
				C5E1C168247EFBD400F65286 /* LaunchScreen.storyboard */,
				C5105A1A247F126F004AAE68 /* MapView.swift */,
				C5E1C15F247EFBD100F65286 /* SceneDelegate.swift */,
			);
			path = Landmarks;
			sourceTree = "<group>";
		};
		C5E1C165247EFBD400F65286 /* Preview Content */ = {
			isa = PBXGroup;
			children = (
				C5E1C166247EFBD400F65286 /* Preview Assets.xcassets */,
			);
			path = "Preview Content";
			sourceTree = "<group>";
		};
/* End PBXGroup section */

/* Begin PBXNativeTarget section */
		C5E1C159247EFBD100F65286 /* Landmarks */ = {
			isa = PBXNativeTarget;
			buildConfigurationList = C5E1C16E247EFBD400F65286 /* Build configuration list for PBXNativeTarget "Landmarks" */;
			buildPhases = (
				C5E1C156247EFBD100F65286 /* Sources */,
				C5E1C157247EFBD100F65286 /* Frameworks */,
				C5E1C158247EFBD100F65286 /* Resources */,
			);
			buildRules = (
			);
			dependencies = (
			);
			name = Landmarks;
			productName = Landmarks;
			productReference = C5E1C15A247EFBD100F65286 /* Landmarks.app */;
			productType = "com.apple.product-type.application";
		};
/* End PBXNativeTarget section */

/* Begin PBXProject section */
		C5E1C152247EFBD100F65286 /* Project object */ = {
			isa = PBXProject;
			attributes = {
				LastSwiftUpdateCheck = 1150;
				LastUpgradeCheck = 1150;
				ORGANIZATIONNAME = "Santa Rosa Digital";
				TargetAttributes = {
					C5E1C159247EFBD100F65286 = {
						CreatedOnToolsVersion = 11.5;
					};
				};
			};
			buildConfigurationList = C5E1C155247EFBD100F65286 /* Build configuration list for PBXProject "Landmarks" */;
			compatibilityVersion = "Xcode 9.3";
			developmentRegion = en;
			hasScannedForEncodings = 0;
			knownRegions = (
				en,
				Base,
			);
			mainGroup = C5E1C151247EFBD100F65286;
			productRefGroup = C5E1C15B247EFBD100F65286 /* Products */;
			projectDirPath = "";
			projectRoot = "";
			targets = (
				C5E1C159247EFBD100F65286 /* Landmarks */,
			);
		};
/* End PBXProject section */

/* Begin PBXResourcesBuildPhase section */
		C5E1C158247EFBD100F65286 /* Resources */ = {
			isa = PBXResourcesBuildPhase;
			buildActionMask = 2147483647;
			files = (
				C57964FF247F3DA900D877C5 /* silversalmoncreek.jpg in Resources */,
				C57964FB247F3DA900D877C5 /* rainbowlake.jpg in Resources */,
				C57964F6247F3DA900D877C5 /* umbagog.jpg in Resources */,
				C5E1C16A247EFBD400F65286 /* LaunchScreen.storyboard in Resources */,
				C57964F9247F3DA900D877C5 /* turtlerock.jpg in Resources */,
				C57964FD247F3DA900D877C5 /* landmarkData.json in Resources */,
				C57964F7247F3DA900D877C5 /* chilkoottrail.jpg in Resources */,
				C502CCF5248009620081ECE2 /* charleyrivers.jpg in Resources */,
				C5E1C167247EFBD400F65286 /* Preview Assets.xcassets in Resources */,
				C57964FC247F3DA900D877C5 /* stmarylake.jpg in Resources */,
				C57964F4247F3DA900D877C5 /* hiddenlake.jpg in Resources */,
				C57964FA247F3DA900D877C5 /* twinlake.jpg in Resources */,
				C57964FE247F3DA900D877C5 /* chincoteague.jpg in Resources */,
				C57964F5247F3DA900D877C5 /* icybay.jpg in Resources */,
				C57964F8247F3DA900D877C5 /* lakemcdonald.jpg in Resources */,
				C5796500247F3DA900D877C5 /* yukon_charleyrivers.jpg in Resources */,
				C5E1C164247EFBD400F65286 /* Assets.xcassets in Resources */,
			);
			runOnlyForDeploymentPostprocessing = 0;
		};
/* End PBXResourcesBuildPhase section */

/* Begin PBXSourcesBuildPhase section */
		C5E1C156247EFBD100F65286 /* Sources */ = {
			isa = PBXSourcesBuildPhase;
			buildActionMask = 2147483647;
			files = (
				C57964E6247F3D4E00D877C5 /* Data.swift in Sources */,
				C5E1C15E247EFBD100F65286 /* AppDelegate.swift in Sources */,
				C5105A19247F0ACD004AAE68 /* CircleImage.swift in Sources */,
				C5E1C160247EFBD100F65286 /* SceneDelegate.swift in Sources */,
				C5796504247F3E4A00D877C5 /* LandmarkDetail.swift in Sources */,
				C5105A1B247F126F004AAE68 /* MapView.swift in Sources */,
				C59175F9247FF73500C6C13F /* LandmarkList.swift in Sources */,
				C57964E4247F3D1400D877C5 /* Landmark.swift in Sources */,
				C502CCF724800D700081ECE2 /* UserData.swift in Sources */,
				C5796506247F3E9D00D877C5 /* LandmarkRow.swift in Sources */,
			);
			runOnlyForDeploymentPostprocessing = 0;
		};
/* End PBXSourcesBuildPhase section */

/* Begin PBXVariantGroup section */
		C5E1C168247EFBD400F65286 /* LaunchScreen.storyboard */ = {
			isa = PBXVariantGroup;
			children = (
				C5E1C169247EFBD400F65286 /* Base */,
			);
			name = LaunchScreen.storyboard;
			sourceTree = "<group>";
		};
/* End PBXVariantGroup section */

/* Begin XCBuildConfiguration section */
		C5E1C16C247EFBD400F65286 /* Debug */ = {
			isa = XCBuildConfiguration;
			buildSettings = {
				ALWAYS_SEARCH_USER_PATHS = NO;
				CLANG_ANALYZER_NONNULL = YES;
				CLANG_ANALYZER_NUMBER_OBJECT_CONVERSION = YES_AGGRESSIVE;
				CLANG_CXX_LANGUAGE_STANDARD = "gnu++14";
				CLANG_CXX_LIBRARY = "libc++";
				CLANG_ENABLE_MODULES = YES;
				CLANG_ENABLE_OBJC_ARC = YES;
				CLANG_ENABLE_OBJC_WEAK = YES;
				CLANG_WARN_BLOCK_CAPTURE_AUTORELEASING = YES;
				CLANG_WARN_BOOL_CONVERSION = YES;
				CLANG_WARN_COMMA = YES;
				CLANG_WARN_CONSTANT_CONVERSION = YES;
				CLANG_WARN_DEPRECATED_OBJC_IMPLEMENTATIONS = YES;
				CLANG_WARN_DIRECT_OBJC_ISA_USAGE = YES_ERROR;
				CLANG_WARN_DOCUMENTATION_COMMENTS = YES;
				CLANG_WARN_EMPTY_BODY = YES;
				CLANG_WARN_ENUM_CONVERSION = YES;
				CLANG_WARN_INFINITE_RECURSION = YES;
				CLANG_WARN_INT_CONVERSION = YES;
				CLANG_WARN_NON_LITERAL_NULL_CONVERSION = YES;
				CLANG_WARN_OBJC_IMPLICIT_RETAIN_SELF = YES;
				CLANG_WARN_OBJC_LITERAL_CONVERSION = YES;
				CLANG_WARN_OBJC_ROOT_CLASS = YES_ERROR;
				CLANG_WARN_RANGE_LOOP_ANALYSIS = YES;
				CLANG_WARN_STRICT_PROTOTYPES = YES;
				CLANG_WARN_SUSPICIOUS_MOVE = YES;
				CLANG_WARN_UNGUARDED_AVAILABILITY = YES_AGGRESSIVE;
				CLANG_WARN_UNREACHABLE_CODE = YES;
				CLANG_WARN__DUPLICATE_METHOD_MATCH = YES;
				COPY_PHASE_STRIP = NO;
				DEBUG_INFORMATION_FORMAT = dwarf;
				ENABLE_STRICT_OBJC_MSGSEND = YES;
				ENABLE_TESTABILITY = YES;
				GCC_C_LANGUAGE_STANDARD = gnu11;
				GCC_DYNAMIC_NO_PIC = NO;
				GCC_NO_COMMON_BLOCKS = YES;
				GCC_OPTIMIZATION_LEVEL = 0;
				GCC_PREPROCESSOR_DEFINITIONS = (
					"DEBUG=1",
					"$(inherited)",
				);
				GCC_WARN_64_TO_32_BIT_CONVERSION = YES;
				GCC_WARN_ABOUT_RETURN_TYPE = YES_ERROR;
				GCC_WARN_UNDECLARED_SELECTOR = YES;
				GCC_WARN_UNINITIALIZED_AUTOS = YES_AGGRESSIVE;
				GCC_WARN_UNUSED_FUNCTION = YES;
				GCC_WARN_UNUSED_VARIABLE = YES;
				IPHONEOS_DEPLOYMENT_TARGET = 13.5;
				MTL_ENABLE_DEBUG_INFO = INCLUDE_SOURCE;
				MTL_FAST_MATH = YES;
				ONLY_ACTIVE_ARCH = YES;
				SDKROOT = iphoneos;
				SWIFT_ACTIVE_COMPILATION_CONDITIONS = DEBUG;
				SWIFT_OPTIMIZATION_LEVEL = "-Onone";
			};
			name = Debug;
		};
		C5E1C16D247EFBD400F65286 /* Release */ = {
			isa = XCBuildConfiguration;
			buildSettings = {
				ALWAYS_SEARCH_USER_PATHS = NO;
				CLANG_ANALYZER_NONNULL = YES;
				CLANG_ANALYZER_NUMBER_OBJECT_CONVERSION = YES_AGGRESSIVE;
				CLANG_CXX_LANGUAGE_STANDARD = "gnu++14";
				CLANG_CXX_LIBRARY = "libc++";
				CLANG_ENABLE_MODULES = YES;
				CLANG_ENABLE_OBJC_ARC = YES;
				CLANG_ENABLE_OBJC_WEAK = YES;
				CLANG_WARN_BLOCK_CAPTURE_AUTORELEASING = YES;
				CLANG_WARN_BOOL_CONVERSION = YES;
				CLANG_WARN_COMMA = YES;
				CLANG_WARN_CONSTANT_CONVERSION = YES;
				CLANG_WARN_DEPRECATED_OBJC_IMPLEMENTATIONS = YES;
				CLANG_WARN_DIRECT_OBJC_ISA_USAGE = YES_ERROR;
				CLANG_WARN_DOCUMENTATION_COMMENTS = YES;
				CLANG_WARN_EMPTY_BODY = YES;
				CLANG_WARN_ENUM_CONVERSION = YES;
				CLANG_WARN_INFINITE_RECURSION = YES;
				CLANG_WARN_INT_CONVERSION = YES;
				CLANG_WARN_NON_LITERAL_NULL_CONVERSION = YES;
				CLANG_WARN_OBJC_IMPLICIT_RETAIN_SELF = YES;
				CLANG_WARN_OBJC_LITERAL_CONVERSION = YES;
				CLANG_WARN_OBJC_ROOT_CLASS = YES_ERROR;
				CLANG_WARN_RANGE_LOOP_ANALYSIS = YES;
				CLANG_WARN_STRICT_PROTOTYPES = YES;
				CLANG_WARN_SUSPICIOUS_MOVE = YES;
				CLANG_WARN_UNGUARDED_AVAILABILITY = YES_AGGRESSIVE;
				CLANG_WARN_UNREACHABLE_CODE = YES;
				CLANG_WARN__DUPLICATE_METHOD_MATCH = YES;
				COPY_PHASE_STRIP = NO;
				DEBUG_INFORMATION_FORMAT = "dwarf-with-dsym";
				ENABLE_NS_ASSERTIONS = NO;
				ENABLE_STRICT_OBJC_MSGSEND = YES;
				GCC_C_LANGUAGE_STANDARD = gnu11;
				GCC_NO_COMMON_BLOCKS = YES;
				GCC_WARN_64_TO_32_BIT_CONVERSION = YES;
				GCC_WARN_ABOUT_RETURN_TYPE = YES_ERROR;
				GCC_WARN_UNDECLARED_SELECTOR = YES;
				GCC_WARN_UNINITIALIZED_AUTOS = YES_AGGRESSIVE;
				GCC_WARN_UNUSED_FUNCTION = YES;
				GCC_WARN_UNUSED_VARIABLE = YES;
				IPHONEOS_DEPLOYMENT_TARGET = 13.5;
				MTL_ENABLE_DEBUG_INFO = NO;
				MTL_FAST_MATH = YES;
				SDKROOT = iphoneos;
				SWIFT_COMPILATION_MODE = wholemodule;
				SWIFT_OPTIMIZATION_LEVEL = "-O";
				VALIDATE_PRODUCT = YES;
			};
			name = Release;
		};
		C5E1C16F247EFBD400F65286 /* Debug */ = {
			isa = XCBuildConfiguration;
			buildSettings = {
				ASSETCATALOG_COMPILER_APPICON_NAME = AppIcon;
				CODE_SIGN_STYLE = Automatic;
				DEVELOPMENT_ASSET_PATHS = "\"Landmarks/Preview Content\"";
				ENABLE_PREVIEWS = YES;
				INFOPLIST_FILE = Landmarks/Info.plist;
				LD_RUNPATH_SEARCH_PATHS = (
					"$(inherited)",
					"@executable_path/Frameworks",
				);
				PRODUCT_BUNDLE_IDENTIFIER = br.net.santarosadigital.Landmarks;
				PRODUCT_NAME = "$(TARGET_NAME)";
				SWIFT_VERSION = 5.0;
				TARGETED_DEVICE_FAMILY = "1,2";
			};
			name = Debug;
		};
		C5E1C170247EFBD400F65286 /* Release */ = {
			isa = XCBuildConfiguration;
			buildSettings = {
				ASSETCATALOG_COMPILER_APPICON_NAME = AppIcon;
				CODE_SIGN_STYLE = Automatic;
				DEVELOPMENT_ASSET_PATHS = "\"Landmarks/Preview Content\"";
				ENABLE_PREVIEWS = YES;
				INFOPLIST_FILE = Landmarks/Info.plist;
				LD_RUNPATH_SEARCH_PATHS = (
					"$(inherited)",
					"@executable_path/Frameworks",
				);
				PRODUCT_BUNDLE_IDENTIFIER = br.net.santarosadigital.Landmarks;
				PRODUCT_NAME = "$(TARGET_NAME)";
				SWIFT_VERSION = 5.0;
				TARGETED_DEVICE_FAMILY = "1,2";
			};
			name = Release;
		};
/* End XCBuildConfiguration section */

/* Begin XCConfigurationList section */
		C5E1C155247EFBD100F65286 /* Build configuration list for PBXProject "Landmarks" */ = {
			isa = XCConfigurationList;
			buildConfigurations = (
				C5E1C16C247EFBD400F65286 /* Debug */,
				C5E1C16D247EFBD400F65286 /* Release */,
			);
			defaultConfigurationIsVisible = 0;
			defaultConfigurationName = Release;
		};
		C5E1C16E247EFBD400F65286 /* Build configuration list for PBXNativeTarget "Landmarks" */ = {
			isa = XCConfigurationList;
			buildConfigurations = (
				C5E1C16F247EFBD400F65286 /* Debug */,
				C5E1C170247EFBD400F65286 /* Release */,
			);
			defaultConfigurationIsVisible = 0;
			defaultConfigurationName = Release;
		};
/* End XCConfigurationList section */
	};
	rootObject = C5E1C152247EFBD100F65286 /* Project object */;
}
